
Microsoft Visual Studio Solution File, Format Version 12.00
# Visual Studio Version 17
VisualStudioVersion = 17.2.32526.322
MinimumVisualStudioVersion = 10.0.40219.1
Project("{FAE04EC0-301F-11D3-BF4B-00C04F79EFBC}") = "WpfApp1", "WpfApp1\WpfApp1.csproj", "{7D895590-632F-4F0B-A323-40F844816266}"
EndProject
Global
	GlobalSection(SolutionConfigurationPlatforms) = preSolution
		Debug|Any CPU = Debug|Any CPU
		Release|Any CPU = Release|Any CPU
	EndGlobalSection
	GlobalSection(ProjectConfigurationPlatforms) = postSolution
		{7D895590-632F-4F0B-A323-40F844816266}.Debug|Any CPU.ActiveCfg = Debug|Any CPU
		{7D895590-632F-4F0B-A323-40F844816266}.Debug|Any CPU.Build.0 = Debug|Any CPU
		{7D895590-632F-4F0B-A323-40F844816266}.Release|Any CPU.ActiveCfg = Release|Any CPU
		{7D895590-632F-4F0B-A323-40F844816266}.Release|Any CPU.Build.0 = Release|Any CPU
	EndGlobalSection
	GlobalSection(SolutionProperties) = preSolution
		HideSolutionNode = FALSE
	EndGlobalSection
	GlobalSection(ExtensibilityGlobals) = postSolution
		SolutionGuid = {42D19C1E-274A-4B05-AAB4-DFC146D2FA35}
	EndGlobalSection
EndGlobal
